
Microsoft Visual Studio Solution File, Format Version 12.00
# Visual Studio Version 17
VisualStudioVersion = 17.14.36915.13
MinimumVisualStudioVersion = 10.0.40219.1
Project("{2150E333-8FDC-42A3-9474-1A3956D46DE8}") = "Services", "Services", "{02EA681E-C7D8-13C7-8484-4AC65E1B71E8}"
EndProject
Project("{2150E333-8FDC-42A3-9474-1A3956D46DE8}") = "ProductService", "ProductService", "{82D76630-5944-4702-87CF-BA7052999C6E}"
EndProject
Project("{FAE04EC0-301F-11D3-BF4B-00C04F79EFBC}") = "ProductService.Api", "ProductService.Api\ProductService.Api.csproj", "{FE11B093-F82D-45DA-81B1-6BA72142DEE1}"
EndProject
Project("{FAE04EC0-301F-11D3-BF4B-00C04F79EFBC}") = "ProductService.Implementation", "ProductService.Implementation\ProductService.Implementation.csproj", "{3AFCBAF3-9E07-469B-8233-E022059E5D6C}"
EndProject
Project("{FAE04EC0-301F-11D3-BF4B-00C04F79EFBC}") = "ProductService.Tests", "ProductService.Tests\ProductService.Tests.csproj", "{8B1076B6-6E7B-4981-A2D5-56BEED5C55C6}"
EndProject
Project("{2150E333-8FDC-42A3-9474-1A3956D46DE8}") = "AuthService", "AuthService", "{8368D6E6-EE8F-41CD-9DB8-6D5668D68F06}"
EndProject
Project("{FAE04EC0-301F-11D3-BF4B-00C04F79EFBC}") = "AuthService.Api", "AuthService.Api\AuthService.Api.csproj", "{63025771-D9CB-43F2-957D-121269CF4C2A}"
EndProject
Project("{FAE04EC0-301F-11D3-BF4B-00C04F79EFBC}") = "AuthService.Implementation", "AuthService.Implementation\AuthService.Implementation.csproj", "{68771473-D421-4396-9A3A-221F5A5BC10A}"
EndProject
Project("{FAE04EC0-301F-11D3-BF4B-00C04F79EFBC}") = "AuthService.Tests", "AuthService.Tests\AuthService.Tests.csproj", "{09FBB1C2-9CB1-4E01-9C63-7050E1133D49}"
EndProject
Project("{2150E333-8FDC-42A3-9474-1A3956D46DE8}") = "ChatService", "ChatService", "{68FA6B38-1FCF-4EBB-A4ED-2E43094E404A}"
EndProject
Project("{FAE04EC0-301F-11D3-BF4B-00C04F79EFBC}") = "ChatService.Api", "ChatService.Api\ChatService.Api.csproj", "{8BB8D4DE-5D48-4FD8-82CA-AF4D0B634564}"
EndProject
Project("{FAE04EC0-301F-11D3-BF4B-00C04F79EFBC}") = "ChatService.Implementation", "ChatService.Implementation\ChatService.Implementation.csproj", "{A4D5410D-596C-4CB1-9956-F13189C9671D}"
EndProject
Project("{FAE04EC0-301F-11D3-BF4B-00C04F79EFBC}") = "ChatService.Tests", "ChatService.Tests\ChatService.Tests.csproj", "{8B521D90-5DC6-4F2E-8E84-A34274E57E7E}"
EndProject
Project("{2150E333-8FDC-42A3-9474-1A3956D46DE8}") = "PricingService", "PricingService", "{626B563A-EEDB-477A-A363-288D2DE848AA}"
EndProject
Project("{FAE04EC0-301F-11D3-BF4B-00C04F79EFBC}") = "PricingService.Api", "PricingService.Api\PricingService.Api.csproj", "{8A74FE2B-3150-4EA3-BEF1-247ADD71A252}"
EndProject
Project("{FAE04EC0-301F-11D3-BF4B-00C04F79EFBC}") = "PricingService.Implementation", "PricingService.Implementation\PricingService.Implementation.csproj", "{8F5BE46D-C6B9-45B3-AEB0-0969CAF8F5E4}"
EndProject
Project("{FAE04EC0-301F-11D3-BF4B-00C04F79EFBC}") = "PricingService.Tests", "PricingService.Tests\PricingService.Tests.csproj", "{1899FE27-DC42-4D88-AFC5-20BB5380AF17}"
EndProject
Project("{2150E333-8FDC-42A3-9474-1A3956D46DE8}") = "PolicyService", "PolicyService", "{03EBFE2B-59A5-4680-984B-8214B51B890A}"
EndProject
Project("{FAE04EC0-301F-11D3-BF4B-00C04F79EFBC}") = "PolicyService.Api", "PolicyService.Api\PolicyService.Api.csproj", "{CBC8B21C-6391-4210-B0E7-3573C5A70C57}"
EndProject
Project("{FAE04EC0-301F-11D3-BF4B-00C04F79EFBC}") = "PolicyService.Implementation", "PolicyService.Implementation\PolicyService.Implementation.csproj", "{16B2C2CA-837A-41E1-9BF1-D7115B8739D4}"
EndProject
Project("{FAE04EC0-301F-11D3-BF4B-00C04F79EFBC}") = "PolicyService.Tests", "PolicyService.Tests\PolicyService.Tests.csproj", "{46DBC1EC-3792-4D43-87E8-55D881297618}"
EndProject
Project("{2150E333-8FDC-42A3-9474-1A3956D46DE8}") = "PolicySearchService", "PolicySearchService", "{494559BA-9285-4CA1-A133-8514C53ACF0E}"
EndProject
Project("{FAE04EC0-301F-11D3-BF4B-00C04F79EFBC}") = "PolicySearchService.Api", "PolicySearchService.Api\PolicySearchService.Api.csproj", "{774CC043-EDE4-4D10-B2E2-499BF6AA8AEF}"
EndProject
Project("{FAE04EC0-301F-11D3-BF4B-00C04F79EFBC}") = "PolicySearchService.Implementation", "PolicySearchService.Implementation\PolicySearchService.Implementation.csproj", "{8C6619C0-C59F-4D53-A139-66721E625B0D}"
EndProject
Project("{FAE04EC0-301F-11D3-BF4B-00C04F79EFBC}") = "PolicySearchService.Tests", "PolicySearchService.Tests\PolicySearchService.Tests.csproj", "{BA798FF9-2773-4098-BE64-FE81E9E2EAB0}"
EndProject
Project("{2150E333-8FDC-42A3-9474-1A3956D46DE8}") = "PaymentService", "PaymentService", "{F4B72893-7155-4FA9-93D2-11BF81F7859E}"
EndProject
Project("{FAE04EC0-301F-11D3-BF4B-00C04F79EFBC}") = "PaymentService.Api", "PaymentService.Api\PaymentService.Api.csproj", "{AE1C2308-EF54-44F7-B82D-7B92DF6DFC88}"
EndProject
Project("{FAE04EC0-301F-11D3-BF4B-00C04F79EFBC}") = "PaymentService.Implementation", "PaymentService.Implementation\PaymentService.Implementation.csproj", "{51F1687A-9A4F-4EB7-AEC4-F2BA935B1180}"
EndProject
Project("{FAE04EC0-301F-11D3-BF4B-00C04F79EFBC}") = "PaymentService.Tests", "PaymentService.Tests\PaymentService.Tests.csproj", "{14864F41-598C-4523-A647-B523826ABBEC}"
EndProject
Project("{2150E333-8FDC-42A3-9474-1A3956D46DE8}") = "DocumentService", "DocumentService", "{CD7CC7C4-C679-4D76-830F-AC230A7B6F56}"
EndProject
Project("{FAE04EC0-301F-11D3-BF4B-00C04F79EFBC}") = "DocumentService.Api", "DocumentService.Api\DocumentService.Api.csproj", "{C37A8A3C-9D8D-4CEB-B5BA-864AE1A6E75D}"
EndProject
Project("{FAE04EC0-301F-11D3-BF4B-00C04F79EFBC}") = "DocumentService.Implementation", "DocumentService.Implementation\DocumentService.Implementation.csproj", "{1F21D85A-708F-4031-98A9-8D3436982ACA}"
EndProject
Project("{FAE04EC0-301F-11D3-BF4B-00C04F79EFBC}") = "DocumentService.Tests", "DocumentService.Tests\DocumentService.Tests.csproj", "{5A6141AB-4A90-4A5F-9754-20ED154E533A}"
EndProject
Project("{2150E333-8FDC-42A3-9474-1A3956D46DE8}") = "AgentPortalGateway", "AgentPortalGateway", "{C4CBC5FA-0443-4AF5-9071-84E38FF1C2EF}"
EndProject
Project("{FAE04EC0-301F-11D3-BF4B-00C04F79EFBC}") = "AgentPortalGateway.Api", "AgentPortalGateway.Api\AgentPortalGateway.Api.csproj", "{023C7BBD-AED1-45DE-8909-8EF3BDCDE667}"
EndProject
Project("{FAE04EC0-301F-11D3-BF4B-00C04F79EFBC}") = "AgentPortalGateway.Implementation", "AgentPortalGateway.Implementation\AgentPortalGateway.Implementation.csproj", "{47816912-4634-4A8D-AACA-D51151C47B86}"
EndProject
Project("{FAE04EC0-301F-11D3-BF4B-00C04F79EFBC}") = "AgentPortalGateway.Tests", "AgentPortalGateway.Tests\AgentPortalGateway.Tests.csproj", "{5DB19AB6-57B1-4791-899E-8F4FCE3CA9E6}"
EndProject
Project("{2150E333-8FDC-42A3-9474-1A3956D46DE8}") = "postgres", "postgres", "{F659FA94-B6E0-4495-9A63-FB99AD7C74F8}"
	ProjectSection(SolutionItems) = preProject
		..\postgres\createdatabases.sql = ..\postgres\createdatabases.sql
		..\postgres\lab_netmicro_jobs.backup = ..\postgres\lab_netmicro_jobs.backup
		..\postgres\lab_netmicro_payments.backup = ..\postgres\lab_netmicro_payments.backup
		..\postgres\lab_netmicro_policy.backup = ..\postgres\lab_netmicro_policy.backup
		..\postgres\lab_netmicro_pricing.backup = ..\postgres\lab_netmicro_pricing.backup
	EndProjectSection
EndProject
Project("{2150E333-8FDC-42A3-9474-1A3956D46DE8}") = "DashboardService", "DashboardService", "{8B768375-BC34-45E3-8FB1-0FF4081F292C}"
EndProject
Project("{FAE04EC0-301F-11D3-BF4B-00C04F79EFBC}") = "DashboardService.Api", "DashboardService.Api\DashboardService.Api.csproj", "{2295E06E-C8A6-4FEF-9558-A3D66C0DB11A}"
EndProject
Project("{FAE04EC0-301F-11D3-BF4B-00C04F79EFBC}") = "DashboardService.Implementation", "DashboardService.Implementation\DashboardService.Implementation.csproj", "{4577EA52-0EA1-4D1B-9D83-E82E37E5E4F6}"
EndProject
Project("{FAE04EC0-301F-11D3-BF4B-00C04F79EFBC}") = "DashboardService.Tests", "DashboardService.Tests\DashboardService.Tests.csproj", "{D53E2176-90E3-4DA0-8D40-E3B7144030F4}"
EndProject
Project("{FAE04EC0-301F-11D3-BF4B-00C04F79EFBC}") = "BlazorWasmClient", "..\..\..\BlazorWasmClient\BlazorWasmClient\BlazorWasmClient.csproj", "{C05AE588-17E5-C88A-F551-54047622DAC3}"
EndProject
Project("{E24C65DC-7377-472B-9ABA-BC803B73C61A}") = "eureka-server(1)", "eureka-server\", "{E97AA169-5906-9560-1805-7FE7597C83BB}"
	ProjectSection(WebsiteProperties) = preProject
		TargetFrameworkMoniker = ".NETFramework,Version%3Dv4.8.1"
		Debug.AspNetCompiler.VirtualPath = "/localhost_62036"
		Debug.AspNetCompiler.PhysicalPath = "eureka-server\"
		Debug.AspNetCompiler.TargetPath = "PrecompiledWeb\localhost_62036\"
		Debug.AspNetCompiler.Updateable = "true"
		Debug.AspNetCompiler.ForceOverwrite = "true"
		Debug.AspNetCompiler.FixedNames = "false"
		Debug.AspNetCompiler.Debug = "True"
		Release.AspNetCompiler.VirtualPath = "/localhost_62036"
		Release.AspNetCompiler.PhysicalPath = "eureka-server\"
		Release.AspNetCompiler.TargetPath = "PrecompiledWeb\localhost_62036\"
		Release.AspNetCompiler.Updateable = "true"
		Release.AspNetCompiler.ForceOverwrite = "true"
		Release.AspNetCompiler.FixedNames = "false"
		Release.AspNetCompiler.Debug = "False"
		VWDPort = "62036"
		SlnRelativePath = "eureka-server\"
	EndProjectSection
EndProject
Project("{FAE04EC0-301F-11D3-BF4B-00C04F79EFBC}") = "AgentPortalApiGateway", "AgentPortalApiGateway\AgentPortalApiGateway\AgentPortalApiGateway.csproj", "{EF098ABA-B7CE-99E1-03ED-D0E19FB9A444}"
EndProject
Project("{FAE04EC0-301F-11D3-BF4B-00C04F79EFBC}") = "DashboardService.Test", "DashboardService.Test\DashboardService.Test\DashboardService.Test.csproj", "{72B1041E-9472-6512-2859-41B40E59E3A9}"
EndProject
Project("{FAE04EC0-301F-11D3-BF4B-00C04F79EFBC}") = "DashboardService", "DashboardService\DashboardService\DashboardService.csproj", "{C0B8FBD8-698A-765F-56AE-C9193B4576DF}"
EndProject
Project("{FAE04EC0-301F-11D3-BF4B-00C04F79EFBC}") = "DashboardService.Api", "DashboardService.Api\DashboardService.Api\DashboardService.Api.csproj", "{4B17D7D4-1D27-F96E-8DE0-396B6C007EA9}"
EndProject
Project("{FAE04EC0-301F-11D3-BF4B-00C04F79EFBC}") = "ChatService", "ChatService\ChatService\ChatService.csproj", "{55B6F8B2-79E0-1CE6-DB88-D06232EC086C}"
EndProject
Project("{FAE04EC0-301F-11D3-BF4B-00C04F79EFBC}") = "ChatService.Api", "ChatService.Api\ChatService.Api\ChatService.Api.csproj", "{3D386320-6150-5D22-ED90-A507FF2C7588}"
EndProject
Project("{FAE04EC0-301F-11D3-BF4B-00C04F79EFBC}") = "AuthService", "AuthService\AuthService\AuthService.csproj", "{1AA2DE0E-3C11-E18F-34E8-8B9576ADDC40}"
EndProject
Project("{FAE04EC0-301F-11D3-BF4B-00C04F79EFBC}") = "PolicySearchService.Api", "PolicySearchService.Api\PolicySearchService.Api\PolicySearchService.Api.csproj", "{632692AF-8BFF-1E5F-C5F2-46A06961A46B}"
EndProject
Project("{FAE04EC0-301F-11D3-BF4B-00C04F79EFBC}") = "PolicySearchService", "PolicySearchService\PolicySearchService\PolicySearchService.csproj", "{A5A83762-9596-E608-2DA5-7DDD1EE5463E}"
EndProject
Project("{FAE04EC0-301F-11D3-BF4B-00C04F79EFBC}") = "PolicyService.Api", "PolicyService.Api\PolicyService.Api\PolicyService.Api.csproj", "{989F3FBE-1E06-90A8-A215-2516B2434762}"
EndProject
Project("{FAE04EC0-301F-11D3-BF4B-00C04F79EFBC}") = "PolicyService", "PolicyService\PolicyService\PolicyService.csproj", "{6A98A6EF-6961-0921-2D3D-DFEBC81A722C}"
EndProject
Project("{FAE04EC0-301F-11D3-BF4B-00C04F79EFBC}") = "PolicyService.Test", "PolicyService.Test\PolicyService.Test\PolicyService.Test.csproj", "{E25E88DD-155E-3057-0DB5-B2C22B227B32}"
EndProject
Project("{FAE04EC0-301F-11D3-BF4B-00C04F79EFBC}") = "PricingService.Test", "PricingService.Test\PricingService.Test\PricingService.Test.csproj", "{5D1CFABC-F117-FCB7-E6F3-DE4832CD1CAE}"
EndProject
Project("{FAE04EC0-301F-11D3-BF4B-00C04F79EFBC}") = "PricingService", "PricingService\PricingService\PricingService.csproj", "{D99D9768-0F7B-079B-23DC-97364BFE1199}"
EndProject
Project("{FAE04EC0-301F-11D3-BF4B-00C04F79EFBC}") = "PricingService.IntegrationTest", "PricingService.IntegrationTest\PricingService.IntegrationTest\PricingService.IntegrationTest.csproj", "{83748321-3DAF-CBC4-E079-ED6A8950E550}"
EndProject
Project("{FAE04EC0-301F-11D3-BF4B-00C04F79EFBC}") = "PricingService.Api", "PricingService.Api\PricingService.Api\PricingService.Api.csproj", "{F5C14160-89D7-BE57-A0DC-7EEA5123191B}"
EndProject
Project("{E24C65DC-7377-472B-9ABA-BC803B73C61A}") = "scripts(1)", "scripts\", "{19CD0B31-CDBA-7499-6B78-B3699FA91985}"
	ProjectSection(WebsiteProperties) = preProject
		TargetFrameworkMoniker = ".NETFramework,Version%3Dv4.8.1"
		Debug.AspNetCompiler.VirtualPath = "/localhost_58795"
		Debug.AspNetCompiler.PhysicalPath = "scripts\"
		Debug.AspNetCompiler.TargetPath = "PrecompiledWeb\localhost_58795\"
		Debug.AspNetCompiler.Updateable = "true"
		Debug.AspNetCompiler.ForceOverwrite = "true"
		Debug.AspNetCompiler.FixedNames = "false"
		Debug.AspNetCompiler.Debug = "True"
		Release.AspNetCompiler.VirtualPath = "/localhost_58795"
		Release.AspNetCompiler.PhysicalPath = "scripts\"
		Release.AspNetCompiler.TargetPath = "PrecompiledWeb\localhost_58795\"
		Release.AspNetCompiler.Updateable = "true"
		Release.AspNetCompiler.ForceOverwrite = "true"
		Release.AspNetCompiler.FixedNames = "false"
		Release.AspNetCompiler.Debug = "False"
		VWDPort = "58795"
		SlnRelativePath = "scripts\"
	EndProjectSection
EndProject
Project("{E24C65DC-7377-472B-9ABA-BC803B73C61A}") = "Web(1)", "Web\", "{A9807B56-ABAE-FC54-E455-F6F1CAEFB532}"
	ProjectSection(WebsiteProperties) = preProject
		TargetFrameworkMoniker = ".NETFramework,Version%3Dv4.8.1"
		Debug.AspNetCompiler.VirtualPath = "/localhost_51291"
		Debug.AspNetCompiler.PhysicalPath = "Web\"
		Debug.AspNetCompiler.TargetPath = "PrecompiledWeb\localhost_51291\"
		Debug.AspNetCompiler.Updateable = "true"
		Debug.AspNetCompiler.ForceOverwrite = "true"
		Debug.AspNetCompiler.FixedNames = "false"
		Debug.AspNetCompiler.Debug = "True"
		Release.AspNetCompiler.VirtualPath = "/localhost_51291"
		Release.AspNetCompiler.PhysicalPath = "Web\"
		Release.AspNetCompiler.TargetPath = "PrecompiledWeb\localhost_51291\"
		Release.AspNetCompiler.Updateable = "true"
		Release.AspNetCompiler.ForceOverwrite = "true"
		Release.AspNetCompiler.FixedNames = "false"
		Release.AspNetCompiler.Debug = "False"
		VWDPort = "51291"
		SlnRelativePath = "Web\"
	EndProjectSection
EndProject
Project("{FAE04EC0-301F-11D3-BF4B-00C04F79EFBC}") = "ProductService", "ProductService\ProductService\ProductService.csproj", "{876D77B5-72DC-98F5-E740-C14B7F538864}"
EndProject
Project("{FAE04EC0-301F-11D3-BF4B-00C04F79EFBC}") = "PaymentService", "PaymentService\PaymentService\PaymentService.csproj", "{A8E21166-B971-E277-3C42-7C0BFEEEA6B3}"
EndProject
Project("{FAE04EC0-301F-11D3-BF4B-00C04F79EFBC}") = "PaymentService.Test", "PaymentService.Test\PaymentService.Test\PaymentService.Test.csproj", "{DC211268-DEBB-55C3-EA68-12A75D430AEA}"
EndProject
Project("{FAE04EC0-301F-11D3-BF4B-00C04F79EFBC}") = "ProductService.Api", "ProductService.Api\ProductService.Api\ProductService.Api.csproj", "{3D0CE043-DBC8-C239-26C5-6C21F2698693}"
EndProject
Project("{FAE04EC0-301F-11D3-BF4B-00C04F79EFBC}") = "ProductService.Test", "ProductService.Test\ProductService.Test\ProductService.Test.csproj", "{7A018E7F-59C9-8633-5E2F-0EFA2CA4DB98}"
EndProject
Project("{FAE04EC0-301F-11D3-BF4B-00C04F79EFBC}") = "PaymentService.Api", "PaymentService.Api\PaymentService.Api\PaymentService.Api.csproj", "{829B6EB7-B69E-8E67-8061-09B5C30FACA0}"
EndProject
Global
	GlobalSection(SolutionConfigurationPlatforms) = preSolution
		Debug|Any CPU = Debug|Any CPU
		Release|Any CPU = Release|Any CPU
	EndGlobalSection
	GlobalSection(ProjectConfigurationPlatforms) = postSolution
		{FE11B093-F82D-45DA-81B1-6BA72142DEE1}.Debug|Any CPU.ActiveCfg = Debug|Any CPU
		{FE11B093-F82D-45DA-81B1-6BA72142DEE1}.Debug|Any CPU.Build.0 = Debug|Any CPU
		{FE11B093-F82D-45DA-81B1-6BA72142DEE1}.Release|Any CPU.ActiveCfg = Release|Any CPU
		{FE11B093-F82D-45DA-81B1-6BA72142DEE1}.Release|Any CPU.Build.0 = Release|Any CPU
		{3AFCBAF3-9E07-469B-8233-E022059E5D6C}.Debug|Any CPU.ActiveCfg = Debug|Any CPU
		{3AFCBAF3-9E07-469B-8233-E022059E5D6C}.Debug|Any CPU.Build.0 = Debug|Any CPU
		{3AFCBAF3-9E07-469B-8233-E022059E5D6C}.Release|Any CPU.ActiveCfg = Release|Any CPU
		{3AFCBAF3-9E07-469B-8233-E022059E5D6C}.Release|Any CPU.Build.0 = Release|Any CPU
		{8B1076B6-6E7B-4981-A2D5-56BEED5C55C6}.Debug|Any CPU.ActiveCfg = Debug|Any CPU
		{8B1076B6-6E7B-4981-A2D5-56BEED5C55C6}.Debug|Any CPU.Build.0 = Debug|Any CPU
		{8B1076B6-6E7B-4981-A2D5-56BEED5C55C6}.Release|Any CPU.ActiveCfg = Release|Any CPU
		{8B1076B6-6E7B-4981-A2D5-56BEED5C55C6}.Release|Any CPU.Build.0 = Release|Any CPU
		{63025771-D9CB-43F2-957D-121269CF4C2A}.Debug|Any CPU.ActiveCfg = Debug|Any CPU
		{63025771-D9CB-43F2-957D-121269CF4C2A}.Debug|Any CPU.Build.0 = Debug|Any CPU
		{63025771-D9CB-43F2-957D-121269CF4C2A}.Release|Any CPU.ActiveCfg = Release|Any CPU
		{63025771-D9CB-43F2-957D-121269CF4C2A}.Release|Any CPU.Build.0 = Release|Any CPU
		{68771473-D421-4396-9A3A-221F5A5BC10A}.Debug|Any CPU.ActiveCfg = Debug|Any CPU
		{68771473-D421-4396-9A3A-221F5A5BC10A}.Debug|Any CPU.Build.0 = Debug|Any CPU
		{68771473-D421-4396-9A3A-221F5A5BC10A}.Release|Any CPU.ActiveCfg = Release|Any CPU
		{68771473-D421-4396-9A3A-221F5A5BC10A}.Release|Any CPU.Build.0 = Release|Any CPU
		{09FBB1C2-9CB1-4E01-9C63-7050E1133D49}.Debug|Any CPU.ActiveCfg = Debug|Any CPU
		{09FBB1C2-9CB1-4E01-9C63-7050E1133D49}.Debug|Any CPU.Build.0 = Debug|Any CPU
		{09FBB1C2-9CB1-4E01-9C63-7050E1133D49}.Release|Any CPU.ActiveCfg = Release|Any CPU
		{09FBB1C2-9CB1-4E01-9C63-7050E1133D49}.Release|Any CPU.Build.0 = Release|Any CPU
		{8BB8D4DE-5D48-4FD8-82CA-AF4D0B634564}.Debug|Any CPU.ActiveCfg = Debug|Any CPU
		{8BB8D4DE-5D48-4FD8-82CA-AF4D0B634564}.Debug|Any CPU.Build.0 = Debug|Any CPU
		{8BB8D4DE-5D48-4FD8-82CA-AF4D0B634564}.Release|Any CPU.ActiveCfg = Release|Any CPU
		{8BB8D4DE-5D48-4FD8-82CA-AF4D0B634564}.Release|Any CPU.Build.0 = Release|Any CPU
		{A4D5410D-596C-4CB1-9956-F13189C9671D}.Debug|Any CPU.ActiveCfg = Debug|Any CPU
		{A4D5410D-596C-4CB1-9956-F13189C9671D}.Debug|Any CPU.Build.0 = Debug|Any CPU
		{A4D5410D-596C-4CB1-9956-F13189C9671D}.Release|Any CPU.ActiveCfg = Release|Any CPU
		{A4D5410D-596C-4CB1-9956-F13189C9671D}.Release|Any CPU.Build.0 = Release|Any CPU
		{8B521D90-5DC6-4F2E-8E84-A34274E57E7E}.Debug|Any CPU.ActiveCfg = Debug|Any CPU
		{8B521D90-5DC6-4F2E-8E84-A34274E57E7E}.Debug|Any CPU.Build.0 = Debug|Any CPU
		{8B521D90-5DC6-4F2E-8E84-A34274E57E7E}.Release|Any CPU.ActiveCfg = Release|Any CPU
		{8B521D90-5DC6-4F2E-8E84-A34274E57E7E}.Release|Any CPU.Build.0 = Release|Any CPU
		{8A74FE2B-3150-4EA3-BEF1-247ADD71A252}.Debug|Any CPU.ActiveCfg = Debug|Any CPU
		{8A74FE2B-3150-4EA3-BEF1-247ADD71A252}.Debug|Any CPU.Build.0 = Debug|Any CPU
		{8A74FE2B-3150-4EA3-BEF1-247ADD71A252}.Release|Any CPU.ActiveCfg = Release|Any CPU
		{8A74FE2B-3150-4EA3-BEF1-247ADD71A252}.Release|Any CPU.Build.0 = Release|Any CPU
		{8F5BE46D-C6B9-45B3-AEB0-0969CAF8F5E4}.Debug|Any CPU.ActiveCfg = Debug|Any CPU
		{8F5BE46D-C6B9-45B3-AEB0-0969CAF8F5E4}.Debug|Any CPU.Build.0 = Debug|Any CPU
		{8F5BE46D-C6B9-45B3-AEB0-0969CAF8F5E4}.Release|Any CPU.ActiveCfg = Release|Any CPU
		{8F5BE46D-C6B9-45B3-AEB0-0969CAF8F5E4}.Release|Any CPU.Build.0 = Release|Any CPU
		{1899FE27-DC42-4D88-AFC5-20BB5380AF17}.Debug|Any CPU.ActiveCfg = Debug|Any CPU
		{1899FE27-DC42-4D88-AFC5-20BB5380AF17}.Debug|Any CPU.Build.0 = Debug|Any CPU
		{1899FE27-DC42-4D88-AFC5-20BB5380AF17}.Release|Any CPU.ActiveCfg = Release|Any CPU
		{1899FE27-DC42-4D88-AFC5-20BB5380AF17}.Release|Any CPU.Build.0 = Release|Any CPU
		{CBC8B21C-6391-4210-B0E7-3573C5A70C57}.Debug|Any CPU.ActiveCfg = Debug|Any CPU
		{CBC8B21C-6391-4210-B0E7-3573C5A70C57}.Debug|Any CPU.Build.0 = Debug|Any CPU
		{CBC8B21C-6391-4210-B0E7-3573C5A70C57}.Release|Any CPU.ActiveCfg = Release|Any CPU
		{CBC8B21C-6391-4210-B0E7-3573C5A70C57}.Release|Any CPU.Build.0 = Release|Any CPU
		{16B2C2CA-837A-41E1-9BF1-D7115B8739D4}.Debug|Any CPU.ActiveCfg = Debug|Any CPU
		{16B2C2CA-837A-41E1-9BF1-D7115B8739D4}.Debug|Any CPU.Build.0 = Debug|Any CPU
		{16B2C2CA-837A-41E1-9BF1-D7115B8739D4}.Release|Any CPU.ActiveCfg = Release|Any CPU
		{16B2C2CA-837A-41E1-9BF1-D7115B8739D4}.Release|Any CPU.Build.0 = Release|Any CPU
		{46DBC1EC-3792-4D43-87E8-55D881297618}.Debug|Any CPU.ActiveCfg = Debug|Any CPU
		{46DBC1EC-3792-4D43-87E8-55D881297618}.Debug|Any CPU.Build.0 = Debug|Any CPU
		{46DBC1EC-3792-4D43-87E8-55D881297618}.Release|Any CPU.ActiveCfg = Release|Any CPU
		{46DBC1EC-3792-4D43-87E8-55D881297618}.Release|Any CPU.Build.0 = Release|Any CPU
		{774CC043-EDE4-4D10-B2E2-499BF6AA8AEF}.Debug|Any CPU.ActiveCfg = Debug|Any CPU
		{774CC043-EDE4-4D10-B2E2-499BF6AA8AEF}.Debug|Any CPU.Build.0 = Debug|Any CPU
		{774CC043-EDE4-4D10-B2E2-499BF6AA8AEF}.Release|Any CPU.ActiveCfg = Release|Any CPU
		{774CC043-EDE4-4D10-B2E2-499BF6AA8AEF}.Release|Any CPU.Build.0 = Release|Any CPU
		{8C6619C0-C59F-4D53-A139-66721E625B0D}.Debug|Any CPU.ActiveCfg = Debug|Any CPU
		{8C6619C0-C59F-4D53-A139-66721E625B0D}.Debug|Any CPU.Build.0 = Debug|Any CPU
		{8C6619C0-C59F-4D53-A139-66721E625B0D}.Release|Any CPU.ActiveCfg = Release|Any CPU
		{8C6619C0-C59F-4D53-A139-66721E625B0D}.Release|Any CPU.Build.0 = Release|Any CPU
		{BA798FF9-2773-4098-BE64-FE81E9E2EAB0}.Debug|Any CPU.ActiveCfg = Debug|Any CPU
		{BA798FF9-2773-4098-BE64-FE81E9E2EAB0}.Debug|Any CPU.Build.0 = Debug|Any CPU
		{BA798FF9-2773-4098-BE64-FE81E9E2EAB0}.Release|Any CPU.ActiveCfg = Release|Any CPU
		{BA798FF9-2773-4098-BE64-FE81E9E2EAB0}.Release|Any CPU.Build.0 = Release|Any CPU
		{AE1C2308-EF54-44F7-B82D-7B92DF6DFC88}.Debug|Any CPU.ActiveCfg = Debug|Any CPU
		{AE1C2308-EF54-44F7-B82D-7B92DF6DFC88}.Debug|Any CPU.Build.0 = Debug|Any CPU
		{AE1C2308-EF54-44F7-B82D-7B92DF6DFC88}.Release|Any CPU.ActiveCfg = Release|Any CPU
		{AE1C2308-EF54-44F7-B82D-7B92DF6DFC88}.Release|Any CPU.Build.0 = Release|Any CPU
		{51F1687A-9A4F-4EB7-AEC4-F2BA935B1180}.Debug|Any CPU.ActiveCfg = Debug|Any CPU
		{51F1687A-9A4F-4EB7-AEC4-F2BA935B1180}.Debug|Any CPU.Build.0 = Debug|Any CPU
		{51F1687A-9A4F-4EB7-AEC4-F2BA935B1180}.Release|Any CPU.ActiveCfg = Release|Any CPU
		{51F1687A-9A4F-4EB7-AEC4-F2BA935B1180}.Release|Any CPU.Build.0 = Release|Any CPU
		{14864F41-598C-4523-A647-B523826ABBEC}.Debug|Any CPU.ActiveCfg = Debug|Any CPU
		{14864F41-598C-4523-A647-B523826ABBEC}.Debug|Any CPU.Build.0 = Debug|Any CPU
		{14864F41-598C-4523-A647-B523826ABBEC}.Release|Any CPU.ActiveCfg = Release|Any CPU
		{14864F41-598C-4523-A647-B523826ABBEC}.Release|Any CPU.Build.0 = Release|Any CPU
		{C37A8A3C-9D8D-4CEB-B5BA-864AE1A6E75D}.Debug|Any CPU.ActiveCfg = Debug|Any CPU
		{C37A8A3C-9D8D-4CEB-B5BA-864AE1A6E75D}.Debug|Any CPU.Build.0 = Debug|Any CPU
		{C37A8A3C-9D8D-4CEB-B5BA-864AE1A6E75D}.Release|Any CPU.ActiveCfg = Release|Any CPU
		{C37A8A3C-9D8D-4CEB-B5BA-864AE1A6E75D}.Release|Any CPU.Build.0 = Release|Any CPU
		{1F21D85A-708F-4031-98A9-8D3436982ACA}.Debug|Any CPU.ActiveCfg = Debug|Any CPU
		{1F21D85A-708F-4031-98A9-8D3436982ACA}.Debug|Any CPU.Build.0 = Debug|Any CPU
		{1F21D85A-708F-4031-98A9-8D3436982ACA}.Release|Any CPU.ActiveCfg = Release|Any CPU
		{1F21D85A-708F-4031-98A9-8D3436982ACA}.Release|Any CPU.Build.0 = Release|Any CPU
		{5A6141AB-4A90-4A5F-9754-20ED154E533A}.Debug|Any CPU.ActiveCfg = Debug|Any CPU
		{5A6141AB-4A90-4A5F-9754-20ED154E533A}.Debug|Any CPU.Build.0 = Debug|Any CPU
		{5A6141AB-4A90-4A5F-9754-20ED154E533A}.Release|Any CPU.ActiveCfg = Release|Any CPU
		{5A6141AB-4A90-4A5F-9754-20ED154E533A}.Release|Any CPU.Build.0 = Release|Any CPU
		{023C7BBD-AED1-45DE-8909-8EF3BDCDE667}.Debug|Any CPU.ActiveCfg = Debug|Any CPU
		{023C7BBD-AED1-45DE-8909-8EF3BDCDE667}.Debug|Any CPU.Build.0 = Debug|Any CPU
		{023C7BBD-AED1-45DE-8909-8EF3BDCDE667}.Release|Any CPU.ActiveCfg = Release|Any CPU
		{023C7BBD-AED1-45DE-8909-8EF3BDCDE667}.Release|Any CPU.Build.0 = Release|Any CPU
		{47816912-4634-4A8D-AACA-D51151C47B86}.Debug|Any CPU.ActiveCfg = Debug|Any CPU
		{47816912-4634-4A8D-AACA-D51151C47B86}.Debug|Any CPU.Build.0 = Debug|Any CPU
		{47816912-4634-4A8D-AACA-D51151C47B86}.Release|Any CPU.ActiveCfg = Release|Any CPU
		{47816912-4634-4A8D-AACA-D51151C47B86}.Release|Any CPU.Build.0 = Release|Any CPU
		{5DB19AB6-57B1-4791-899E-8F4FCE3CA9E6}.Debug|Any CPU.ActiveCfg = Debug|Any CPU
		{5DB19AB6-57B1-4791-899E-8F4FCE3CA9E6}.Debug|Any CPU.Build.0 = Debug|Any CPU
		{5DB19AB6-57B1-4791-899E-8F4FCE3CA9E6}.Release|Any CPU.ActiveCfg = Release|Any CPU
		{5DB19AB6-57B1-4791-899E-8F4FCE3CA9E6}.Release|Any CPU.Build.0 = Release|Any CPU
		{2295E06E-C8A6-4FEF-9558-A3D66C0DB11A}.Debug|Any CPU.ActiveCfg = Debug|Any CPU
		{2295E06E-C8A6-4FEF-9558-A3D66C0DB11A}.Debug|Any CPU.Build.0 = Debug|Any CPU
		{2295E06E-C8A6-4FEF-9558-A3D66C0DB11A}.Release|Any CPU.ActiveCfg = Release|Any CPU
		{2295E06E-C8A6-4FEF-9558-A3D66C0DB11A}.Release|Any CPU.Build.0 = Release|Any CPU
		{4577EA52-0EA1-4D1B-9D83-E82E37E5E4F6}.Debug|Any CPU.ActiveCfg = Debug|Any CPU
		{4577EA52-0EA1-4D1B-9D83-E82E37E5E4F6}.Debug|Any CPU.Build.0 = Debug|Any CPU
		{4577EA52-0EA1-4D1B-9D83-E82E37E5E4F6}.Release|Any CPU.ActiveCfg = Release|Any CPU
		{4577EA52-0EA1-4D1B-9D83-E82E37E5E4F6}.Release|Any CPU.Build.0 = Release|Any CPU
		{D53E2176-90E3-4DA0-8D40-E3B7144030F4}.Debug|Any CPU.ActiveCfg = Debug|Any CPU
		{D53E2176-90E3-4DA0-8D40-E3B7144030F4}.Debug|Any CPU.Build.0 = Debug|Any CPU
		{D53E2176-90E3-4DA0-8D40-E3B7144030F4}.Release|Any CPU.ActiveCfg = Release|Any CPU
		{D53E2176-90E3-4DA0-8D40-E3B7144030F4}.Release|Any CPU.Build.0 = Release|Any CPU
		{C05AE588-17E5-C88A-F551-54047622DAC3}.Debug|Any CPU.ActiveCfg = Debug|Any CPU
		{C05AE588-17E5-C88A-F551-54047622DAC3}.Debug|Any CPU.Build.0 = Debug|Any CPU
		{C05AE588-17E5-C88A-F551-54047622DAC3}.Release|Any CPU.ActiveCfg = Release|Any CPU
		{C05AE588-17E5-C88A-F551-54047622DAC3}.Release|Any CPU.Build.0 = Release|Any CPU
		{E97AA169-5906-9560-1805-7FE7597C83BB}.Debug|Any CPU.ActiveCfg = Debug|Any CPU
		{E97AA169-5906-9560-1805-7FE7597C83BB}.Debug|Any CPU.Build.0 = Debug|Any CPU
		{E97AA169-5906-9560-1805-7FE7597C83BB}.Release|Any CPU.ActiveCfg = Debug|Any CPU
		{E97AA169-5906-9560-1805-7FE7597C83BB}.Release|Any CPU.Build.0 = Debug|Any CPU
		{EF098ABA-B7CE-99E1-03ED-D0E19FB9A444}.Debug|Any CPU.ActiveCfg = Debug|Any CPU
		{EF098ABA-B7CE-99E1-03ED-D0E19FB9A444}.Debug|Any CPU.Build.0 = Debug|Any CPU
		{EF098ABA-B7CE-99E1-03ED-D0E19FB9A444}.Release|Any CPU.ActiveCfg = Release|Any CPU
		{EF098ABA-B7CE-99E1-03ED-D0E19FB9A444}.Release|Any CPU.Build.0 = Release|Any CPU
		{72B1041E-9472-6512-2859-41B40E59E3A9}.Debug|Any CPU.ActiveCfg = Debug|Any CPU
		{72B1041E-9472-6512-2859-41B40E59E3A9}.Debug|Any CPU.Build.0 = Debug|Any CPU
		{72B1041E-9472-6512-2859-41B40E59E3A9}.Release|Any CPU.ActiveCfg = Release|Any CPU
		{72B1041E-9472-6512-2859-41B40E59E3A9}.Release|Any CPU.Build.0 = Release|Any CPU
		{C0B8FBD8-698A-765F-56AE-C9193B4576DF}.Debug|Any CPU.ActiveCfg = Debug|Any CPU
		{C0B8FBD8-698A-765F-56AE-C9193B4576DF}.Debug|Any CPU.Build.0 = Debug|Any CPU
		{C0B8FBD8-698A-765F-56AE-C9193B4576DF}.Release|Any CPU.ActiveCfg = Release|Any CPU
		{C0B8FBD8-698A-765F-56AE-C9193B4576DF}.Release|Any CPU.Build.0 = Release|Any CPU
		{4B17D7D4-1D27-F96E-8DE0-396B6C007EA9}.Debug|Any CPU.ActiveCfg = Debug|Any CPU
		{4B17D7D4-1D27-F96E-8DE0-396B6C007EA9}.Debug|Any CPU.Build.0 = Debug|Any CPU
		{4B17D7D4-1D27-F96E-8DE0-396B6C007EA9}.Release|Any CPU.ActiveCfg = Release|Any CPU
		{4B17D7D4-1D27-F96E-8DE0-396B6C007EA9}.Release|Any CPU.Build.0 = Release|Any CPU
		{55B6F8B2-79E0-1CE6-DB88-D06232EC086C}.Debug|Any CPU.ActiveCfg = Debug|Any CPU
		{55B6F8B2-79E0-1CE6-DB88-D06232EC086C}.Debug|Any CPU.Build.0 = Debug|Any CPU
		{55B6F8B2-79E0-1CE6-DB88-D06232EC086C}.Release|Any CPU.ActiveCfg = Release|Any CPU
		{55B6F8B2-79E0-1CE6-DB88-D06232EC086C}.Release|Any CPU.Build.0 = Release|Any CPU
		{3D386320-6150-5D22-ED90-A507FF2C7588}.Debug|Any CPU.ActiveCfg = Debug|Any CPU
		{3D386320-6150-5D22-ED90-A507FF2C7588}.Debug|Any CPU.Build.0 = Debug|Any CPU
		{3D386320-6150-5D22-ED90-A507FF2C7588}.Release|Any CPU.ActiveCfg = Release|Any CPU
		{3D386320-6150-5D22-ED90-A507FF2C7588}.Release|Any CPU.Build.0 = Release|Any CPU
		{1AA2DE0E-3C11-E18F-34E8-8B9576ADDC40}.Debug|Any CPU.ActiveCfg = Debug|Any CPU
		{1AA2DE0E-3C11-E18F-34E8-8B9576ADDC40}.Debug|Any CPU.Build.0 = Debug|Any CPU
		{1AA2DE0E-3C11-E18F-34E8-8B9576ADDC40}.Release|Any CPU.ActiveCfg = Release|Any CPU
		{1AA2DE0E-3C11-E18F-34E8-8B9576ADDC40}.Release|Any CPU.Build.0 = Release|Any CPU
		{632692AF-8BFF-1E5F-C5F2-46A06961A46B}.Debug|Any CPU.ActiveCfg = Debug|Any CPU
		{632692AF-8BFF-1E5F-C5F2-46A06961A46B}.Debug|Any CPU.Build.0 = Debug|Any CPU
		{632692AF-8BFF-1E5F-C5F2-46A06961A46B}.Release|Any CPU.ActiveCfg = Release|Any CPU
		{632692AF-8BFF-1E5F-C5F2-46A06961A46B}.Release|Any CPU.Build.0 = Release|Any CPU
		{A5A83762-9596-E608-2DA5-7DDD1EE5463E}.Debug|Any CPU.ActiveCfg = Debug|Any CPU
		{A5A83762-9596-E608-2DA5-7DDD1EE5463E}.Debug|Any CPU.Build.0 = Debug|Any CPU
		{A5A83762-9596-E608-2DA5-7DDD1EE5463E}.Release|Any CPU.ActiveCfg = Release|Any CPU
		{A5A83762-9596-E608-2DA5-7DDD1EE5463E}.Release|Any CPU.Build.0 = Release|Any CPU
		{989F3FBE-1E06-90A8-A215-2516B2434762}.Debug|Any CPU.ActiveCfg = Debug|Any CPU
		{989F3FBE-1E06-90A8-A215-2516B2434762}.Debug|Any CPU.Build.0 = Debug|Any CPU
		{989F3FBE-1E06-90A8-A215-2516B2434762}.Release|Any CPU.ActiveCfg = Release|Any CPU
		{989F3FBE-1E06-90A8-A215-2516B2434762}.Release|Any CPU.Build.0 = Release|Any CPU
		{6A98A6EF-6961-0921-2D3D-DFEBC81A722C}.Debug|Any CPU.ActiveCfg = Debug|Any CPU
		{6A98A6EF-6961-0921-2D3D-DFEBC81A722C}.Debug|Any CPU.Build.0 = Debug|Any CPU
		{6A98A6EF-6961-0921-2D3D-DFEBC81A722C}.Release|Any CPU.ActiveCfg = Release|Any CPU
		{6A98A6EF-6961-0921-2D3D-DFEBC81A722C}.Release|Any CPU.Build.0 = Release|Any CPU
		{E25E88DD-155E-3057-0DB5-B2C22B227B32}.Debug|Any CPU.ActiveCfg = Debug|Any CPU
		{E25E88DD-155E-3057-0DB5-B2C22B227B32}.Debug|Any CPU.Build.0 = Debug|Any CPU
		{E25E88DD-155E-3057-0DB5-B2C22B227B32}.Release|Any CPU.ActiveCfg = Release|Any CPU
		{E25E88DD-155E-3057-0DB5-B2C22B227B32}.Release|Any CPU.Build.0 = Release|Any CPU
		{5D1CFABC-F117-FCB7-E6F3-DE4832CD1CAE}.Debug|Any CPU.ActiveCfg = Debug|Any CPU
		{5D1CFABC-F117-FCB7-E6F3-DE4832CD1CAE}.Debug|Any CPU.Build.0 = Debug|Any CPU
		{5D1CFABC-F117-FCB7-E6F3-DE4832CD1CAE}.Release|Any CPU.ActiveCfg = Release|Any CPU
		{5D1CFABC-F117-FCB7-E6F3-DE4832CD1CAE}.Release|Any CPU.Build.0 = Release|Any CPU
		{D99D9768-0F7B-079B-23DC-97364BFE1199}.Debug|Any CPU.ActiveCfg = Debug|Any CPU
		{D99D9768-0F7B-079B-23DC-97364BFE1199}.Debug|Any CPU.Build.0 = Debug|Any CPU
		{D99D9768-0F7B-079B-23DC-97364BFE1199}.Release|Any CPU.ActiveCfg = Release|Any CPU
		{D99D9768-0F7B-079B-23DC-97364BFE1199}.Release|Any CPU.Build.0 = Release|Any CPU
		{83748321-3DAF-CBC4-E079-ED6A8950E550}.Debug|Any CPU.ActiveCfg = Debug|Any CPU
		{83748321-3DAF-CBC4-E079-ED6A8950E550}.Debug|Any CPU.Build.0 = Debug|Any CPU
		{83748321-3DAF-CBC4-E079-ED6A8950E550}.Release|Any CPU.ActiveCfg = Release|Any CPU
		{83748321-3DAF-CBC4-E079-ED6A8950E550}.Release|Any CPU.Build.0 = Release|Any CPU
		{F5C14160-89D7-BE57-A0DC-7EEA5123191B}.Debug|Any CPU.ActiveCfg = Debug|Any CPU
		{F5C14160-89D7-BE57-A0DC-7EEA5123191B}.Debug|Any CPU.Build.0 = Debug|Any CPU
		{F5C14160-89D7-BE57-A0DC-7EEA5123191B}.Release|Any CPU.ActiveCfg = Release|Any CPU
		{F5C14160-89D7-BE57-A0DC-7EEA5123191B}.Release|Any CPU.Build.0 = Release|Any CPU
		{19CD0B31-CDBA-7499-6B78-B3699FA91985}.Debug|Any CPU.ActiveCfg = Debug|Any CPU
		{19CD0B31-CDBA-7499-6B78-B3699FA91985}.Debug|Any CPU.Build.0 = Debug|Any CPU
		{19CD0B31-CDBA-7499-6B78-B3699FA91985}.Release|Any CPU.ActiveCfg = Debug|Any CPU
		{19CD0B31-CDBA-7499-6B78-B3699FA91985}.Release|Any CPU.Build.0 = Debug|Any CPU
		{A9807B56-ABAE-FC54-E455-F6F1CAEFB532}.Debug|Any CPU.ActiveCfg = Debug|Any CPU
		{A9807B56-ABAE-FC54-E455-F6F1CAEFB532}.Debug|Any CPU.Build.0 = Debug|Any CPU
		{A9807B56-ABAE-FC54-E455-F6F1CAEFB532}.Release|Any CPU.ActiveCfg = Debug|Any CPU
		{A9807B56-ABAE-FC54-E455-F6F1CAEFB532}.Release|Any CPU.Build.0 = Debug|Any CPU
		{876D77B5-72DC-98F5-E740-C14B7F538864}.Debug|Any CPU.ActiveCfg = Debug|Any CPU
		{876D77B5-72DC-98F5-E740-C14B7F538864}.Debug|Any CPU.Build.0 = Debug|Any CPU
		{876D77B5-72DC-98F5-E740-C14B7F538864}.Release|Any CPU.ActiveCfg = Release|Any CPU
		{876D77B5-72DC-98F5-E740-C14B7F538864}.Release|Any CPU.Build.0 = Release|Any CPU
		{A8E21166-B971-E277-3C42-7C0BFEEEA6B3}.Debug|Any CPU.ActiveCfg = Debug|Any CPU
		{A8E21166-B971-E277-3C42-7C0BFEEEA6B3}.Debug|Any CPU.Build.0 = Debug|Any CPU
		{A8E21166-B971-E277-3C42-7C0BFEEEA6B3}.Release|Any CPU.ActiveCfg = Release|Any CPU
		{A8E21166-B971-E277-3C42-7C0BFEEEA6B3}.Release|Any CPU.Build.0 = Release|Any CPU
		{DC211268-DEBB-55C3-EA68-12A75D430AEA}.Debug|Any CPU.ActiveCfg = Debug|Any CPU
		{DC211268-DEBB-55C3-EA68-12A75D430AEA}.Debug|Any CPU.Build.0 = Debug|Any CPU
		{DC211268-DEBB-55C3-EA68-12A75D430AEA}.Release|Any CPU.ActiveCfg = Release|Any CPU
		{DC211268-DEBB-55C3-EA68-12A75D430AEA}.Release|Any CPU.Build.0 = Release|Any CPU
		{3D0CE043-DBC8-C239-26C5-6C21F2698693}.Debug|Any CPU.ActiveCfg = Debug|Any CPU
		{3D0CE043-DBC8-C239-26C5-6C21F2698693}.Debug|Any CPU.Build.0 = Debug|Any CPU
		{3D0CE043-DBC8-C239-26C5-6C21F2698693}.Release|Any CPU.ActiveCfg = Release|Any CPU
		{3D0CE043-DBC8-C239-26C5-6C21F2698693}.Release|Any CPU.Build.0 = Release|Any CPU
		{7A018E7F-59C9-8633-5E2F-0EFA2CA4DB98}.Debug|Any CPU.ActiveCfg = Debug|Any CPU
		{7A018E7F-59C9-8633-5E2F-0EFA2CA4DB98}.Debug|Any CPU.Build.0 = Debug|Any CPU
		{7A018E7F-59C9-8633-5E2F-0EFA2CA4DB98}.Release|Any CPU.ActiveCfg = Release|Any CPU
		{7A018E7F-59C9-8633-5E2F-0EFA2CA4DB98}.Release|Any CPU.Build.0 = Release|Any CPU
		{829B6EB7-B69E-8E67-8061-09B5C30FACA0}.Debug|Any CPU.ActiveCfg = Debug|Any CPU
		{829B6EB7-B69E-8E67-8061-09B5C30FACA0}.Debug|Any CPU.Build.0 = Debug|Any CPU
		{829B6EB7-B69E-8E67-8061-09B5C30FACA0}.Release|Any CPU.ActiveCfg = Release|Any CPU
		{829B6EB7-B69E-8E67-8061-09B5C30FACA0}.Release|Any CPU.Build.0 = Release|Any CPU
	EndGlobalSection
	GlobalSection(SolutionProperties) = preSolution
		HideSolutionNode = FALSE
	EndGlobalSection
	GlobalSection(NestedProjects) = preSolution
		{82D76630-5944-4702-87CF-BA7052999C6E} = {02EA681E-C7D8-13C7-8484-4AC65E1B71E8}
		{FE11B093-F82D-45DA-81B1-6BA72142DEE1} = {82D76630-5944-4702-87CF-BA7052999C6E}
		{3AFCBAF3-9E07-469B-8233-E022059E5D6C} = {82D76630-5944-4702-87CF-BA7052999C6E}
		{8B1076B6-6E7B-4981-A2D5-56BEED5C55C6} = {82D76630-5944-4702-87CF-BA7052999C6E}
		{8368D6E6-EE8F-41CD-9DB8-6D5668D68F06} = {02EA681E-C7D8-13C7-8484-4AC65E1B71E8}
		{63025771-D9CB-43F2-957D-121269CF4C2A} = {8368D6E6-EE8F-41CD-9DB8-6D5668D68F06}
		{68771473-D421-4396-9A3A-221F5A5BC10A} = {8368D6E6-EE8F-41CD-9DB8-6D5668D68F06}
		{09FBB1C2-9CB1-4E01-9C63-7050E1133D49} = {8368D6E6-EE8F-41CD-9DB8-6D5668D68F06}
		{68FA6B38-1FCF-4EBB-A4ED-2E43094E404A} = {02EA681E-C7D8-13C7-8484-4AC65E1B71E8}
		{8BB8D4DE-5D48-4FD8-82CA-AF4D0B634564} = {68FA6B38-1FCF-4EBB-A4ED-2E43094E404A}
		{A4D5410D-596C-4CB1-9956-F13189C9671D} = {68FA6B38-1FCF-4EBB-A4ED-2E43094E404A}
		{8B521D90-5DC6-4F2E-8E84-A34274E57E7E} = {68FA6B38-1FCF-4EBB-A4ED-2E43094E404A}
		{626B563A-EEDB-477A-A363-288D2DE848AA} = {02EA681E-C7D8-13C7-8484-4AC65E1B71E8}
		{8A74FE2B-3150-4EA3-BEF1-247ADD71A252} = {626B563A-EEDB-477A-A363-288D2DE848AA}
		{8F5BE46D-C6B9-45B3-AEB0-0969CAF8F5E4} = {626B563A-EEDB-477A-A363-288D2DE848AA}
		{1899FE27-DC42-4D88-AFC5-20BB5380AF17} = {626B563A-EEDB-477A-A363-288D2DE848AA}
		{03EBFE2B-59A5-4680-984B-8214B51B890A} = {02EA681E-C7D8-13C7-8484-4AC65E1B71E8}
		{CBC8B21C-6391-4210-B0E7-3573C5A70C57} = {03EBFE2B-59A5-4680-984B-8214B51B890A}
		{16B2C2CA-837A-41E1-9BF1-D7115B8739D4} = {03EBFE2B-59A5-4680-984B-8214B51B890A}
		{46DBC1EC-3792-4D43-87E8-55D881297618} = {03EBFE2B-59A5-4680-984B-8214B51B890A}
		{494559BA-9285-4CA1-A133-8514C53ACF0E} = {02EA681E-C7D8-13C7-8484-4AC65E1B71E8}
		{774CC043-EDE4-4D10-B2E2-499BF6AA8AEF} = {494559BA-9285-4CA1-A133-8514C53ACF0E}
		{8C6619C0-C59F-4D53-A139-66721E625B0D} = {494559BA-9285-4CA1-A133-8514C53ACF0E}
		{BA798FF9-2773-4098-BE64-FE81E9E2EAB0} = {494559BA-9285-4CA1-A133-8514C53ACF0E}
		{F4B72893-7155-4FA9-93D2-11BF81F7859E} = {02EA681E-C7D8-13C7-8484-4AC65E1B71E8}
		{AE1C2308-EF54-44F7-B82D-7B92DF6DFC88} = {F4B72893-7155-4FA9-93D2-11BF81F7859E}
		{51F1687A-9A4F-4EB7-AEC4-F2BA935B1180} = {F4B72893-7155-4FA9-93D2-11BF81F7859E}
		{14864F41-598C-4523-A647-B523826ABBEC} = {F4B72893-7155-4FA9-93D2-11BF81F7859E}
		{CD7CC7C4-C679-4D76-830F-AC230A7B6F56} = {02EA681E-C7D8-13C7-8484-4AC65E1B71E8}
		{C37A8A3C-9D8D-4CEB-B5BA-864AE1A6E75D} = {CD7CC7C4-C679-4D76-830F-AC230A7B6F56}
		{1F21D85A-708F-4031-98A9-8D3436982ACA} = {CD7CC7C4-C679-4D76-830F-AC230A7B6F56}
		{5A6141AB-4A90-4A5F-9754-20ED154E533A} = {CD7CC7C4-C679-4D76-830F-AC230A7B6F56}
		{C4CBC5FA-0443-4AF5-9071-84E38FF1C2EF} = {02EA681E-C7D8-13C7-8484-4AC65E1B71E8}
		{023C7BBD-AED1-45DE-8909-8EF3BDCDE667} = {C4CBC5FA-0443-4AF5-9071-84E38FF1C2EF}
		{47816912-4634-4A8D-AACA-D51151C47B86} = {C4CBC5FA-0443-4AF5-9071-84E38FF1C2EF}
		{5DB19AB6-57B1-4791-899E-8F4FCE3CA9E6} = {C4CBC5FA-0443-4AF5-9071-84E38FF1C2EF}
		{8B768375-BC34-45E3-8FB1-0FF4081F292C} = {02EA681E-C7D8-13C7-8484-4AC65E1B71E8}
		{2295E06E-C8A6-4FEF-9558-A3D66C0DB11A} = {8B768375-BC34-45E3-8FB1-0FF4081F292C}
		{4577EA52-0EA1-4D1B-9D83-E82E37E5E4F6} = {8B768375-BC34-45E3-8FB1-0FF4081F292C}
		{D53E2176-90E3-4DA0-8D40-E3B7144030F4} = {8B768375-BC34-45E3-8FB1-0FF4081F292C}
	EndGlobalSection
	GlobalSection(ExtensibilityGlobals) = postSolution
		SolutionGuid = {654564B8-9C17-42D5-9C95-8EB90904F6F2}
	EndGlobalSection
EndGlobal
